
Microsoft Visual Studio Solution File, Format Version 11.00
# Visual Studio 2010
Project("{FAE04EC0-301F-11D3-BF4B-00C04F79EFBC}") = "Assembly-CSharp", "Assembly-CSharp.csproj", "{d80cbadf-fa0b-1e27-c3dc-e2a1ebe1b5f5}"
EndProject
Project("{FAE04EC0-301F-11D3-BF4B-00C04F79EFBC}") = "Assembly-CSharp-Editor", "Assembly-CSharp-Editor.csproj", "{14b94595-2c8e-33fe-0496-e0c9548fcdf7}"
EndProject
Global
	GlobalSection(SolutionConfigurationPlatforms) = preSolution
		Debug|Any CPU = Debug|Any CPU
	EndGlobalSection
	GlobalSection(ProjectConfigurationPlatforms) = postSolution
		{d80cbadf-fa0b-1e27-c3dc-e2a1ebe1b5f5}.Debug|Any CPU.ActiveCfg = Debug|Any CPU
		{d80cbadf-fa0b-1e27-c3dc-e2a1ebe1b5f5}.Debug|Any CPU.Build.0 = Debug|Any CPU
		{14b94595-2c8e-33fe-0496-e0c9548fcdf7}.Debug|Any CPU.ActiveCfg = Debug|Any CPU
		{14b94595-2c8e-33fe-0496-e0c9548fcdf7}.Debug|Any CPU.Build.0 = Debug|Any CPU
	EndGlobalSection
	GlobalSection(SolutionProperties) = preSolution
		HideSolutionNode = FALSE
	EndGlobalSection
EndGlobal
