
Microsoft Visual Studio Solution File, Format Version 12.00
# Visual Studio 15
Project("{FAE04EC0-301F-11D3-BF4B-00C04F79EFBC}") = "Assembly-CSharp", "Assembly-CSharp.csproj", "{DFBA0CD8-0BFA-271E-C3DC-E2A1EBE1B5F5}"
EndProject
Project("{FAE04EC0-301F-11D3-BF4B-00C04F79EFBC}") = "AstarPathfindingProject", "AstarPathfindingProject.csproj", "{140F56E2-C845-5391-0993-E09D4A7232E3}"
EndProject
Project("{FAE04EC0-301F-11D3-BF4B-00C04F79EFBC}") = "Rewired_Windows_Functions", "Rewired_Windows_Functions.csproj", "{96BC6CA3-AFC4-841F-E1ED-C8B4E14A43EF}"
EndProject
Project("{FAE04EC0-301F-11D3-BF4B-00C04F79EFBC}") = "Assembly-CSharp-Editor", "Assembly-CSharp-Editor.csproj", "{9545B914-8E2C-FE33-0496-E0C9548FCDF7}"
EndProject
Project("{FAE04EC0-301F-11D3-BF4B-00C04F79EFBC}") = "AstarPathfindingProjectEditor", "AstarPathfindingProjectEditor.csproj", "{ABF81669-B86B-D1BF-EC03-23D62B2B8245}"
EndProject
Project("{FAE04EC0-301F-11D3-BF4B-00C04F79EFBC}") = "PackageToolsEditor", "PackageToolsEditor.csproj", "{5AAFF247-8528-5631-CB35-3AE26C121261}"
EndProject
Global
	GlobalSection(SolutionConfigurationPlatforms) = preSolution
		Debug|Any CPU = Debug|Any CPU
		Release|Any CPU = Release|Any CPU
	EndGlobalSection
	GlobalSection(ProjectConfigurationPlatforms) = postSolution
		{DFBA0CD8-0BFA-271E-C3DC-E2A1EBE1B5F5}.Debug|Any CPU.ActiveCfg = Debug|Any CPU
		{DFBA0CD8-0BFA-271E-C3DC-E2A1EBE1B5F5}.Debug|Any CPU.Build.0 = Debug|Any CPU
		{DFBA0CD8-0BFA-271E-C3DC-E2A1EBE1B5F5}.Release|Any CPU.ActiveCfg = Release|Any CPU
		{DFBA0CD8-0BFA-271E-C3DC-E2A1EBE1B5F5}.Release|Any CPU.Build.0 = Release|Any CPU
		{140F56E2-C845-5391-0993-E09D4A7232E3}.Debug|Any CPU.ActiveCfg = Debug|Any CPU
		{140F56E2-C845-5391-0993-E09D4A7232E3}.Debug|Any CPU.Build.0 = Debug|Any CPU
		{140F56E2-C845-5391-0993-E09D4A7232E3}.Release|Any CPU.ActiveCfg = Release|Any CPU
		{140F56E2-C845-5391-0993-E09D4A7232E3}.Release|Any CPU.Build.0 = Release|Any CPU
		{96BC6CA3-AFC4-841F-E1ED-C8B4E14A43EF}.Debug|Any CPU.ActiveCfg = Debug|Any CPU
		{96BC6CA3-AFC4-841F-E1ED-C8B4E14A43EF}.Debug|Any CPU.Build.0 = Debug|Any CPU
		{96BC6CA3-AFC4-841F-E1ED-C8B4E14A43EF}.Release|Any CPU.ActiveCfg = Release|Any CPU
		{96BC6CA3-AFC4-841F-E1ED-C8B4E14A43EF}.Release|Any CPU.Build.0 = Release|Any CPU
		{9545B914-8E2C-FE33-0496-E0C9548FCDF7}.Debug|Any CPU.ActiveCfg = Debug|Any CPU
		{9545B914-8E2C-FE33-0496-E0C9548FCDF7}.Debug|Any CPU.Build.0 = Debug|Any CPU
		{9545B914-8E2C-FE33-0496-E0C9548FCDF7}.Release|Any CPU.ActiveCfg = Release|Any CPU
		{9545B914-8E2C-FE33-0496-E0C9548FCDF7}.Release|Any CPU.Build.0 = Release|Any CPU
		{ABF81669-B86B-D1BF-EC03-23D62B2B8245}.Debug|Any CPU.ActiveCfg = Debug|Any CPU
		{ABF81669-B86B-D1BF-EC03-23D62B2B8245}.Debug|Any CPU.Build.0 = Debug|Any CPU
		{ABF81669-B86B-D1BF-EC03-23D62B2B8245}.Release|Any CPU.ActiveCfg = Release|Any CPU
		{ABF81669-B86B-D1BF-EC03-23D62B2B8245}.Release|Any CPU.Build.0 = Release|Any CPU
		{5AAFF247-8528-5631-CB35-3AE26C121261}.Debug|Any CPU.ActiveCfg = Debug|Any CPU
		{5AAFF247-8528-5631-CB35-3AE26C121261}.Debug|Any CPU.Build.0 = Debug|Any CPU
		{5AAFF247-8528-5631-CB35-3AE26C121261}.Release|Any CPU.ActiveCfg = Release|Any CPU
		{5AAFF247-8528-5631-CB35-3AE26C121261}.Release|Any CPU.Build.0 = Release|Any CPU
	EndGlobalSection
	GlobalSection(SolutionProperties) = preSolution
		HideSolutionNode = FALSE
	EndGlobalSection
EndGlobal
